github.com/line/line-bot-sdk-go/v8 v8.4.0 h1:rxFfOmbJbUzfuobDHT3pR6fKXxcojNVoFtd1C8Yz08M=
github.com/line/line-bot-sdk-go/v8 v8.4.0/go.mod h1:n9Ly8OHM6xCeQktLzRpQHe/yBda95kFgmQUefUQeFCs=
github.com/sashabaranov/go-openai v1.20.2 h1:nilzF2EKzaHyK4Rk2Dbu/aJEZbtIvskDIXvfS4yx+6M=
github.com/sashabaranov/go-openai v1.20.2/go.mod h1:lj5b/K+zjTSFxVLijLSTDZuP7adOgerWeFyZLUhAKRg=
